{
  "version": 4,
  "terraform_version": "1.5.7",
  "serial": 11,
  "lineage": "62feca7e-f9c1-175c-6c44-3669b4401a47",
  "outputs": {},
  "resources": [
    {
      "mode": "data",
      "type": "yandex_compute_image",
      "name": "nat_ubuntu_2204",
      "provider": "provider[\"registry.terraform.io/yandex-cloud/yandex\"]",
      "instances": [
        {
          "schema_version": 0,
          "attributes": {
            "created_at": "2025-05-12T11:03:37Z",
            "description": "NAT-instance based on Ubuntu 22.04",
            "family": "nat-instance-ubuntu-2204",
            "folder_id": "standard-images",
            "hardware_generation": [
              {
                "generation2_features": [],
                "legacy_features": [
                  {
                    "pci_topology": "PCI_TOPOLOGY_V1"
                  }
                ]
              }
            ],
            "id": "fd8g8tv9tu8lo7qdvnu7",
            "image_id": "fd8g8tv9tu8lo7qdvnu7",
            "kms_key_id": null,
            "labels": {},
            "min_disk_size": 8,
            "name": "nat-instance-ubuntu-22-04-lts-v20250512",
            "os_type": "linux",
            "pooled": true,
            "product_ids": [
              "f2ecdue56u34bs9rfahb",
              "f2er2h40eej8fthn21qd"
            ],
            "size": 3,
            "status": "ready"
          },
          "sensitive_attributes": []
        }
      ]
    },
    {
      "mode": "data",
      "type": "yandex_compute_image",
      "name": "ubuntu-2204",
      "provider": "provider[\"registry.terraform.io/yandex-cloud/yandex\"]",
      "instances": [
        {
          "schema_version": 0,
          "attributes": {
            "created_at": "2025-05-12T11:06:57Z",
            "description": "Ubuntu 22.04 lts v20250509030132",
            "family": "ubuntu-2204-lts",
            "folder_id": "standard-images",
            "hardware_generation": [
              {
                "generation2_features": [],
                "legacy_features": [
                  {
                    "pci_topology": "PCI_TOPOLOGY_V1"
                  }
                ]
              }
            ],
            "id": "fd8e33cc3pal5rf3hklk",
            "image_id": "fd8e33cc3pal5rf3hklk",
            "kms_key_id": null,
            "labels": {
              "version": "20250509030132",
              "x-hopper-operation-id": "d9p93ajdi062kqhpruka",
              "x-hopper-source-image-id": "fd8ub4rvmjauitrsbrs5"
            },
            "min_disk_size": 8,
            "name": "ubuntu-22-04-lts-v20250512",
            "os_type": "linux",
            "pooled": true,
            "product_ids": [
              "f2ebv207jc4d0go36o1v"
            ],
            "size": 2,
            "status": "ready"
          },
          "sensitive_attributes": []
        }
      ]
    },
    {
      "mode": "managed",
      "type": "yandex_vpc_address",
      "name": "bastion_public_ip",
      "provider": "provider[\"registry.terraform.io/yandex-cloud/yandex\"]",
      "instances": [
        {
          "schema_version": 0,
          "attributes": {
            "created_at": "2025-05-13T08:14:25Z",
            "deletion_protection": false,
            "description": "",
            "dns_record": [],
            "external_ipv4_address": [
              {
                "address": "84.252.139.243",
                "ddos_protection_provider": "",
                "outgoing_smtp_capability": "",
                "zone_id": "ru-central1-b"
              }
            ],
            "folder_id": "b1gg91lkltpf5g47086f",
            "id": "e2lhcpuv1iaubpomkmn1",
            "labels": {},
            "name": "bastion-public-ip",
            "reserved": true,
            "timeouts": null,
            "used": false
          },
          "sensitive_attributes": [],
          "private": "eyJlMmJmYjczMC1lY2FhLTExZTYtOGY4OC0zNDM2M2JjN2M0YzAiOnsiY3JlYXRlIjozMDAwMDAwMDAwMCwiZGVsZXRlIjozMDAwMDAwMDAwMCwidXBkYXRlIjozMDAwMDAwMDAwMH19"
        }
      ]
    },
    {
      "mode": "managed",
      "type": "yandex_vpc_network",
      "name": "default",
      "provider": "provider[\"registry.terraform.io/yandex-cloud/yandex\"]",
      "instances": [
        {
          "schema_version": 0,
          "attributes": {
            "created_at": "2025-05-13T08:14:25Z",
            "default_security_group_id": "enphts1tp17lqkanuao3",
            "description": "",
            "folder_id": "b1gg91lkltpf5g47086f",
            "id": "enpe2jj0po3cbdu500gd",
            "labels": {},
            "name": "default-network",
            "subnet_ids": [],
            "timeouts": null
          },
          "sensitive_attributes": [],
          "private": "eyJlMmJmYjczMC1lY2FhLTExZTYtOGY4OC0zNDM2M2JjN2M0YzAiOnsiY3JlYXRlIjo2MDAwMDAwMDAwMCwiZGVsZXRlIjo2MDAwMDAwMDAwMCwidXBkYXRlIjo2MDAwMDAwMDAwMH19"
        }
      ]
    },
    {
      "mode": "managed",
      "type": "yandex_vpc_security_group",
      "name": "external_sg",
      "provider": "provider[\"registry.terraform.io/yandex-cloud/yandex\"]",
      "instances": [
        {
          "schema_version": 0,
          "attributes": {
            "created_at": "2025-05-13T08:14:30Z",
            "description": "",
            "egress": [],
            "folder_id": "b1gg91lkltpf5g47086f",
            "id": "enpmf1kk0evv3ipjbnkt",
            "ingress": [
              {
                "description": "SSH access",
                "from_port": -1,
                "id": "enpor3frud1n59oegh9g",
                "labels": {},
                "port": 22,
                "predefined_target": "",
                "protocol": "TCP",
                "security_group_id": "",
                "to_port": -1,
                "v4_cidr_blocks": [
                  "0.0.0.0/0"
                ],
                "v6_cidr_blocks": []
              }
            ],
            "labels": {},
            "name": "secure-bastion-sg",
            "network_id": "enpe2jj0po3cbdu500gd",
            "status": "ACTIVE",
            "timeouts": null
          },
          "sensitive_attributes": [],
          "private": "eyJlMmJmYjczMC1lY2FhLTExZTYtOGY4OC0zNDM2M2JjN2M0YzAiOnsiY3JlYXRlIjoxODAwMDAwMDAwMDAsImRlbGV0ZSI6MTgwMDAwMDAwMDAwLCJ1cGRhdGUiOjE4MDAwMDAwMDAwMH19",
          "dependencies": [
            "yandex_vpc_network.default"
          ]
        }
      ]
    },
    {
      "mode": "managed",
      "type": "yandex_vpc_security_group",
      "name": "internal_sg",
      "provider": "provider[\"registry.terraform.io/yandex-cloud/yandex\"]",
      "instances": [
        {
          "schema_version": 0,
          "attributes": {
            "created_at": "2025-05-13T08:14:32Z",
            "description": "",
            "egress": [],
            "folder_id": "b1gg91lkltpf5g47086f",
            "id": "enpo1as5jb31m4os8r4u",
            "ingress": [
              {
                "description": "SSH from internal network",
                "from_port": -1,
                "id": "enpdaravvkg53q5bt1v0",
                "labels": {},
                "port": 22,
                "predefined_target": "",
                "protocol": "TCP",
                "security_group_id": "",
                "to_port": -1,
                "v4_cidr_blocks": [
                  "172.16.1.0/24"
                ],
                "v6_cidr_blocks": []
              }
            ],
            "labels": {},
            "name": "internal-bastion-sg",
            "network_id": "enpe2jj0po3cbdu500gd",
            "status": "ACTIVE",
            "timeouts": null
          },
          "sensitive_attributes": [],
          "private": "eyJlMmJmYjczMC1lY2FhLTExZTYtOGY4OC0zNDM2M2JjN2M0YzAiOnsiY3JlYXRlIjoxODAwMDAwMDAwMDAsImRlbGV0ZSI6MTgwMDAwMDAwMDAwLCJ1cGRhdGUiOjE4MDAwMDAwMDAwMH19",
          "dependencies": [
            "yandex_vpc_network.default"
          ]
        }
      ]
    },
    {
      "mode": "managed",
      "type": "yandex_vpc_security_group",
      "name": "work_vm_sg",
      "provider": "provider[\"registry.terraform.io/yandex-cloud/yandex\"]",
      "instances": [
        {
          "schema_version": 0,
          "attributes": {
            "created_at": "2025-05-13T08:14:28Z",
            "description": "",
            "egress": [
              {
                "description": "Outbound traffic",
                "from_port": 0,
                "id": "enp0k9a13670qmjfg54e",
                "labels": {},
                "port": -1,
                "predefined_target": "",
                "protocol": "ANY",
                "security_group_id": "",
                "to_port": 65535,
                "v4_cidr_blocks": [
                  "0.0.0.0/0"
                ],
                "v6_cidr_blocks": []
              }
            ],
            "folder_id": "b1gg91lkltpf5g47086f",
            "id": "enp4vqona52uoq97d73u",
            "ingress": [
              {
                "description": "SSH from internal network",
                "from_port": -1,
                "id": "enprn5ml1aqvafe46vgn",
                "labels": {},
                "port": 22,
                "predefined_target": "",
                "protocol": "TCP",
                "security_group_id": "",
                "to_port": -1,
                "v4_cidr_blocks": [
                  "172.16.1.0/24"
                ],
                "v6_cidr_blocks": []
              }
            ],
            "labels": {},
            "name": "work-vm-sg",
            "network_id": "enpe2jj0po3cbdu500gd",
            "status": "ACTIVE",
            "timeouts": null
          },
          "sensitive_attributes": [],
          "private": "eyJlMmJmYjczMC1lY2FhLTExZTYtOGY4OC0zNDM2M2JjN2M0YzAiOnsiY3JlYXRlIjoxODAwMDAwMDAwMDAsImRlbGV0ZSI6MTgwMDAwMDAwMDAwLCJ1cGRhdGUiOjE4MDAwMDAwMDAwMH19",
          "dependencies": [
            "yandex_vpc_network.default"
          ]
        }
      ]
    },
    {
      "mode": "managed",
      "type": "yandex_vpc_subnet",
      "name": "external_subnet",
      "provider": "provider[\"registry.terraform.io/yandex-cloud/yandex\"]",
      "instances": [
        {
          "schema_version": 0,
          "attributes": {
            "created_at": "2025-05-13T08:14:27Z",
            "description": "",
            "dhcp_options": [],
            "folder_id": "b1gg91lkltpf5g47086f",
            "id": "e2luivnhsg2ar653nam0",
            "labels": {},
            "name": "bastion-external-segment",
            "network_id": "enpe2jj0po3cbdu500gd",
            "route_table_id": "",
            "timeouts": null,
            "v4_cidr_blocks": [
              "172.16.0.0/24"
            ],
            "v6_cidr_blocks": [],
            "zone": "ru-central1-b"
          },
          "sensitive_attributes": [],
          "private": "eyJlMmJmYjczMC1lY2FhLTExZTYtOGY4OC0zNDM2M2JjN2M0YzAiOnsiY3JlYXRlIjoxODAwMDAwMDAwMDAsImRlbGV0ZSI6MTgwMDAwMDAwMDAwLCJ1cGRhdGUiOjE4MDAwMDAwMDAwMH19",
          "dependencies": [
            "yandex_vpc_network.default"
          ]
        }
      ]
    },
    {
      "mode": "managed",
      "type": "yandex_vpc_subnet",
      "name": "internal_subnet",
      "provider": "provider[\"registry.terraform.io/yandex-cloud/yandex\"]",
      "instances": [
        {
          "schema_version": 0,
          "attributes": {
            "created_at": "2025-05-13T08:14:27Z",
            "description": "",
            "dhcp_options": [],
            "folder_id": "b1gg91lkltpf5g47086f",
            "id": "e2l4u4m42cf6tgjo7u7j",
            "labels": {},
            "name": "bastion-internal-segment",
            "network_id": "enpe2jj0po3cbdu500gd",
            "route_table_id": "",
            "timeouts": null,
            "v4_cidr_blocks": [
              "172.16.1.0/24"
            ],
            "v6_cidr_blocks": [],
            "zone": "ru-central1-b"
          },
          "sensitive_attributes": [],
          "private": "eyJlMmJmYjczMC1lY2FhLTExZTYtOGY4OC0zNDM2M2JjN2M0YzAiOnsiY3JlYXRlIjoxODAwMDAwMDAwMDAsImRlbGV0ZSI6MTgwMDAwMDAwMDAwLCJ1cGRhdGUiOjE4MDAwMDAwMDAwMH19",
          "dependencies": [
            "yandex_vpc_network.default"
          ]
        }
      ]
    }
  ],
  "check_results": null
}
