{
  "version": 4,
  "terraform_version": "1.5.7",
  "serial": 15,
  "lineage": "62feca7e-f9c1-175c-6c44-3669b4401a47",
  "outputs": {},
  "resources": [
    {
      "mode": "data",
      "type": "yandex_compute_image",
      "name": "nat_ubuntu_2204",
      "provider": "provider[\"registry.terraform.io/yandex-cloud/yandex\"]",
      "instances": [
        {
          "schema_version": 0,
          "attributes": {
            "created_at": "2025-05-12T11:03:37Z",
            "description": "NAT-instance based on Ubuntu 22.04",
            "family": "nat-instance-ubuntu-2204",
            "folder_id": "standard-images",
            "hardware_generation": [
              {
                "generation2_features": [],
                "legacy_features": [
                  {
                    "pci_topology": "PCI_TOPOLOGY_V1"
                  }
                ]
              }
            ],
            "id": "fd8g8tv9tu8lo7qdvnu7",
            "image_id": "fd8g8tv9tu8lo7qdvnu7",
            "kms_key_id": null,
            "labels": {},
            "min_disk_size": 8,
            "name": "nat-instance-ubuntu-22-04-lts-v20250512",
            "os_type": "linux",
            "pooled": true,
            "product_ids": [
              "f2ecdue56u34bs9rfahb",
              "f2er2h40eej8fthn21qd"
            ],
            "size": 3,
            "status": "ready"
          },
          "sensitive_attributes": []
        }
      ]
    },
    {
      "mode": "data",
      "type": "yandex_compute_image",
      "name": "ubuntu-2204",
      "provider": "provider[\"registry.terraform.io/yandex-cloud/yandex\"]",
      "instances": [
        {
          "schema_version": 0,
          "attributes": {
            "created_at": "2025-05-12T11:06:57Z",
            "description": "Ubuntu 22.04 lts v20250509030132",
            "family": "ubuntu-2204-lts",
            "folder_id": "standard-images",
            "hardware_generation": [
              {
                "generation2_features": [],
                "legacy_features": [
                  {
                    "pci_topology": "PCI_TOPOLOGY_V1"
                  }
                ]
              }
            ],
            "id": "fd8e33cc3pal5rf3hklk",
            "image_id": "fd8e33cc3pal5rf3hklk",
            "kms_key_id": null,
            "labels": {
              "version": "20250509030132",
              "x-hopper-operation-id": "d9p93ajdi062kqhpruka",
              "x-hopper-source-image-id": "fd8ub4rvmjauitrsbrs5"
            },
            "min_disk_size": 8,
            "name": "ubuntu-22-04-lts-v20250512",
            "os_type": "linux",
            "pooled": true,
            "product_ids": [
              "f2ebv207jc4d0go36o1v"
            ],
            "size": 2,
            "status": "ready"
          },
          "sensitive_attributes": []
        }
      ]
    },
    {
      "mode": "managed",
      "type": "yandex_compute_instance",
      "name": "bastion_host",
      "provider": "provider[\"registry.terraform.io/yandex-cloud/yandex\"]",
      "instances": [
        {
          "schema_version": 1,
          "attributes": {
            "allow_recreate": null,
            "allow_stopping_for_update": null,
            "boot_disk": [
              {
                "auto_delete": true,
                "device_name": "epd1plldctig015nie6o",
                "disk_id": "epd1plldctig015nie6o",
                "initialize_params": [
                  {
                    "block_size": 4096,
                    "description": "",
                    "image_id": "fd8g8tv9tu8lo7qdvnu7",
                    "kms_key_id": "",
                    "name": "",
                    "size": 20,
                    "snapshot_id": "",
                    "type": "network-hdd"
                  }
                ],
                "mode": "READ_WRITE"
              }
            ],
            "created_at": "2025-05-13T08:19:52Z",
            "description": "",
            "filesystem": [],
            "folder_id": "b1gg91lkltpf5g47086f",
            "fqdn": "bastion-host.ru-central1.internal",
            "gpu_cluster_id": "",
            "hardware_generation": [
              {
                "generation2_features": [],
                "legacy_features": [
                  {
                    "pci_topology": "PCI_TOPOLOGY_V1"
                  }
                ]
              }
            ],
            "hostname": "bastion-host",
            "id": "epdcae03nsrhfrvjuajh",
            "labels": null,
            "local_disk": [],
            "maintenance_grace_period": "",
            "maintenance_policy": null,
            "metadata": {
              "ssh-keys": "bastion:ssh-rsa AAAAB3NzaC1yc2EAAAADAQABAAABAQC8hFq1emcnqhkdvgg2x3iZ6BwCwklwEKzuNgChq5SlAPljsV+e+8FN3IzEhUOKJPweMbPPJ4C4fRsaXMqXlWOD6plN/nyn64QuyL1bdbIo0nyWi7Oajv1GNb3hYiA83V5ZucXGeUD9ySDSLt5lQ8oIhcf/BK8b3fUUtOEQqaz2C08Wce5bT/uYqUUqdvNmX4sLUW4WNZCE3mogWz4wR4c8adMcLw8IdLx29EhPjsWTySaBKiofjVFlAIeyKZQ61tfGqW5wMyaTBhuSsqU9fOVMm0yCF4WyUKlpPeIQ9e2xmSNxDu2az2p8BiQx11ecxzuAyjeRDv5BuPSvH/FahbL7 evgeniy@MacBook-Pro-Evgeniy.local\n"
            },
            "metadata_options": [
              {
                "aws_v1_http_endpoint": 1,
                "aws_v1_http_token": 2,
                "gce_http_endpoint": 1,
                "gce_http_token": 1
              }
            ],
            "name": "bastion-host",
            "network_acceleration_type": "standard",
            "network_interface": [
              {
                "dns_record": [],
                "index": 0,
                "ip_address": "172.16.0.22",
                "ipv4": true,
                "ipv6": false,
                "ipv6_address": "",
                "ipv6_dns_record": [],
                "mac_address": "d0:0d:c5:38:03:bf",
                "nat": true,
                "nat_dns_record": [],
                "nat_ip_address": "158.160.17.145",
                "nat_ip_version": "IPV4",
                "security_group_ids": [
                  "enpmf1kk0evv3ipjbnkt"
                ],
                "subnet_id": "e2luivnhsg2ar653nam0"
              },
              {
                "dns_record": [],
                "index": 1,
                "ip_address": "172.16.1.254",
                "ipv4": true,
                "ipv6": false,
                "ipv6_address": "",
                "ipv6_dns_record": [],
                "mac_address": "d0:1d:c5:38:03:bf",
                "nat": false,
                "nat_dns_record": [],
                "nat_ip_address": "",
                "nat_ip_version": "",
                "security_group_ids": [
                  "enpo1as5jb31m4os8r4u"
                ],
                "subnet_id": "e2l4u4m42cf6tgjo7u7j"
              }
            ],
            "placement_policy": [
              {
                "host_affinity_rules": [],
                "placement_group_id": "",
                "placement_group_partition": 0
              }
            ],
            "platform_id": "standard-v2",
            "resources": [
              {
                "core_fraction": 100,
                "cores": 2,
                "gpus": 0,
                "memory": 2
              }
            ],
            "scheduling_policy": [
              {
                "preemptible": false
              }
            ],
            "secondary_disk": [],
            "service_account_id": "",
            "status": "running",
            "timeouts": null,
            "zone": "ru-central1-b"
          },
          "sensitive_attributes": [],
          "private": "eyJlMmJmYjczMC1lY2FhLTExZTYtOGY4OC0zNDM2M2JjN2M0YzAiOnsiY3JlYXRlIjozMDAwMDAwMDAwMDAsImRlbGV0ZSI6MzAwMDAwMDAwMDAwLCJ1cGRhdGUiOjMwMDAwMDAwMDAwMH0sInNjaGVtYV92ZXJzaW9uIjoiMSJ9",
          "dependencies": [
            "data.yandex_compute_image.nat_ubuntu_2204",
            "yandex_vpc_security_group.external_sg",
            "yandex_vpc_security_group.internal_sg",
            "yandex_vpc_subnet.external_subnet",
            "yandex_vpc_subnet.internal_subnet"
          ]
        }
      ]
    },
    {
      "mode": "managed",
      "type": "yandex_compute_instance",
      "name": "work_vm",
      "provider": "provider[\"registry.terraform.io/yandex-cloud/yandex\"]",
      "instances": [
        {
          "index_key": 0,
          "schema_version": 1,
          "attributes": {
            "allow_recreate": null,
            "allow_stopping_for_update": null,
            "boot_disk": [
              {
                "auto_delete": true,
                "device_name": "epdkpc55cngins0e9iav",
                "disk_id": "epdkpc55cngins0e9iav",
                "initialize_params": [
                  {
                    "block_size": 4096,
                    "description": "",
                    "image_id": "fd8e33cc3pal5rf3hklk",
                    "kms_key_id": "",
                    "name": "",
                    "size": 10,
                    "snapshot_id": "",
                    "type": "network-hdd"
                  }
                ],
                "mode": "READ_WRITE"
              }
            ],
            "created_at": "2025-05-13T08:19:51Z",
            "description": "",
            "filesystem": [],
            "folder_id": "b1gg91lkltpf5g47086f",
            "fqdn": "dev-vm1.ru-central1.internal",
            "gpu_cluster_id": "",
            "hardware_generation": [
              {
                "generation2_features": [],
                "legacy_features": [
                  {
                    "pci_topology": "PCI_TOPOLOGY_V1"
                  }
                ]
              }
            ],
            "hostname": "dev-vm1",
            "id": "epdvdag2bn8otj49tie0",
            "labels": null,
            "local_disk": [],
            "maintenance_grace_period": "",
            "maintenance_policy": null,
            "metadata": {
              "ssh-keys": "dev_tf:ssh-rsa AAAAB3NzaC1yc2EAAAADAQABAAABAQC8hFq1emcnqhkdvgg2x3iZ6BwCwklwEKzuNgChq5SlAPljsV+e+8FN3IzEhUOKJPweMbPPJ4C4fRsaXMqXlWOD6plN/nyn64QuyL1bdbIo0nyWi7Oajv1GNb3hYiA83V5ZucXGeUD9ySDSLt5lQ8oIhcf/BK8b3fUUtOEQqaz2C08Wce5bT/uYqUUqdvNmX4sLUW4WNZCE3mogWz4wR4c8adMcLw8IdLx29EhPjsWTySaBKiofjVFlAIeyKZQ61tfGqW5wMyaTBhuSsqU9fOVMm0yCF4WyUKlpPeIQ9e2xmSNxDu2az2p8BiQx11ecxzuAyjeRDv5BuPSvH/FahbL7 evgeniy@MacBook-Pro-Evgeniy.local\n"
            },
            "metadata_options": [
              {
                "aws_v1_http_endpoint": 1,
                "aws_v1_http_token": 2,
                "gce_http_endpoint": 1,
                "gce_http_token": 1
              }
            ],
            "name": "dev-vm1",
            "network_acceleration_type": "standard",
            "network_interface": [
              {
                "dns_record": [],
                "index": 0,
                "ip_address": "172.16.1.11",
                "ipv4": true,
                "ipv6": false,
                "ipv6_address": "",
                "ipv6_dns_record": [],
                "mac_address": "d0:0d:1f:6a:a0:25",
                "nat": false,
                "nat_dns_record": [],
                "nat_ip_address": "",
                "nat_ip_version": "",
                "security_group_ids": [
                  "enpo1as5jb31m4os8r4u"
                ],
                "subnet_id": "e2l4u4m42cf6tgjo7u7j"
              }
            ],
            "placement_policy": [
              {
                "host_affinity_rules": [],
                "placement_group_id": "",
                "placement_group_partition": 0
              }
            ],
            "platform_id": "standard-v2",
            "resources": [
              {
                "core_fraction": 100,
                "cores": 2,
                "gpus": 0,
                "memory": 2
              }
            ],
            "scheduling_policy": [
              {
                "preemptible": false
              }
            ],
            "secondary_disk": [],
            "service_account_id": "",
            "status": "running",
            "timeouts": null,
            "zone": "ru-central1-b"
          },
          "sensitive_attributes": [],
          "private": "eyJlMmJmYjczMC1lY2FhLTExZTYtOGY4OC0zNDM2M2JjN2M0YzAiOnsiY3JlYXRlIjozMDAwMDAwMDAwMDAsImRlbGV0ZSI6MzAwMDAwMDAwMDAwLCJ1cGRhdGUiOjMwMDAwMDAwMDAwMH0sInNjaGVtYV92ZXJzaW9uIjoiMSJ9",
          "dependencies": [
            "data.yandex_compute_image.ubuntu-2204",
            "yandex_vpc_security_group.internal_sg",
            "yandex_vpc_subnet.internal_subnet"
          ]
        },
        {
          "index_key": 1,
          "schema_version": 1,
          "attributes": {
            "allow_recreate": null,
            "allow_stopping_for_update": null,
            "boot_disk": [
              {
                "auto_delete": true,
                "device_name": "epd7ahhlvb8n6sgtqb0b",
                "disk_id": "epd7ahhlvb8n6sgtqb0b",
                "initialize_params": [
                  {
                    "block_size": 4096,
                    "description": "",
                    "image_id": "fd8e33cc3pal5rf3hklk",
                    "kms_key_id": "",
                    "name": "",
                    "size": 10,
                    "snapshot_id": "",
                    "type": "network-hdd"
                  }
                ],
                "mode": "READ_WRITE"
              }
            ],
            "created_at": "2025-05-13T08:19:52Z",
            "description": "",
            "filesystem": [],
            "folder_id": "b1gg91lkltpf5g47086f",
            "fqdn": "dev-vm2.ru-central1.internal",
            "gpu_cluster_id": "",
            "hardware_generation": [
              {
                "generation2_features": [],
                "legacy_features": [
                  {
                    "pci_topology": "PCI_TOPOLOGY_V1"
                  }
                ]
              }
            ],
            "hostname": "dev-vm2",
            "id": "epdoho22nd75gd44hc7o",
            "labels": null,
            "local_disk": [],
            "maintenance_grace_period": "",
            "maintenance_policy": null,
            "metadata": {
              "ssh-keys": "dev_tf:ssh-rsa AAAAB3NzaC1yc2EAAAADAQABAAABAQC8hFq1emcnqhkdvgg2x3iZ6BwCwklwEKzuNgChq5SlAPljsV+e+8FN3IzEhUOKJPweMbPPJ4C4fRsaXMqXlWOD6plN/nyn64QuyL1bdbIo0nyWi7Oajv1GNb3hYiA83V5ZucXGeUD9ySDSLt5lQ8oIhcf/BK8b3fUUtOEQqaz2C08Wce5bT/uYqUUqdvNmX4sLUW4WNZCE3mogWz4wR4c8adMcLw8IdLx29EhPjsWTySaBKiofjVFlAIeyKZQ61tfGqW5wMyaTBhuSsqU9fOVMm0yCF4WyUKlpPeIQ9e2xmSNxDu2az2p8BiQx11ecxzuAyjeRDv5BuPSvH/FahbL7 evgeniy@MacBook-Pro-Evgeniy.local\n"
            },
            "metadata_options": [
              {
                "aws_v1_http_endpoint": 1,
                "aws_v1_http_token": 2,
                "gce_http_endpoint": 1,
                "gce_http_token": 1
              }
            ],
            "name": "dev-vm2",
            "network_acceleration_type": "standard",
            "network_interface": [
              {
                "dns_record": [],
                "index": 0,
                "ip_address": "172.16.1.13",
                "ipv4": true,
                "ipv6": false,
                "ipv6_address": "",
                "ipv6_dns_record": [],
                "mac_address": "d0:0d:18:8e:04:2b",
                "nat": false,
                "nat_dns_record": [],
                "nat_ip_address": "",
                "nat_ip_version": "",
                "security_group_ids": [
                  "enpo1as5jb31m4os8r4u"
                ],
                "subnet_id": "e2l4u4m42cf6tgjo7u7j"
              }
            ],
            "placement_policy": [
              {
                "host_affinity_rules": [],
                "placement_group_id": "",
                "placement_group_partition": 0
              }
            ],
            "platform_id": "standard-v2",
            "resources": [
              {
                "core_fraction": 100,
                "cores": 2,
                "gpus": 0,
                "memory": 2
              }
            ],
            "scheduling_policy": [
              {
                "preemptible": false
              }
            ],
            "secondary_disk": [],
            "service_account_id": "",
            "status": "running",
            "timeouts": null,
            "zone": "ru-central1-b"
          },
          "sensitive_attributes": [],
          "private": "eyJlMmJmYjczMC1lY2FhLTExZTYtOGY4OC0zNDM2M2JjN2M0YzAiOnsiY3JlYXRlIjozMDAwMDAwMDAwMDAsImRlbGV0ZSI6MzAwMDAwMDAwMDAwLCJ1cGRhdGUiOjMwMDAwMDAwMDAwMH0sInNjaGVtYV92ZXJzaW9uIjoiMSJ9",
          "dependencies": [
            "data.yandex_compute_image.ubuntu-2204",
            "yandex_vpc_security_group.internal_sg",
            "yandex_vpc_subnet.internal_subnet"
          ]
        }
      ]
    },
    {
      "mode": "managed",
      "type": "yandex_vpc_address",
      "name": "bastion_public_ip",
      "provider": "provider[\"registry.terraform.io/yandex-cloud/yandex\"]",
      "instances": [
        {
          "schema_version": 0,
          "attributes": {
            "created_at": "2025-05-13T08:14:25Z",
            "deletion_protection": false,
            "description": "",
            "dns_record": [],
            "external_ipv4_address": [
              {
                "address": "84.252.139.243",
                "ddos_protection_provider": "",
                "outgoing_smtp_capability": "",
                "zone_id": "ru-central1-b"
              }
            ],
            "folder_id": "b1gg91lkltpf5g47086f",
            "id": "e2lhcpuv1iaubpomkmn1",
            "labels": {},
            "name": "bastion-public-ip",
            "reserved": true,
            "timeouts": null,
            "used": false
          },
          "sensitive_attributes": [],
          "private": "eyJlMmJmYjczMC1lY2FhLTExZTYtOGY4OC0zNDM2M2JjN2M0YzAiOnsiY3JlYXRlIjozMDAwMDAwMDAwMCwiZGVsZXRlIjozMDAwMDAwMDAwMCwidXBkYXRlIjozMDAwMDAwMDAwMH19"
        }
      ]
    },
    {
      "mode": "managed",
      "type": "yandex_vpc_network",
      "name": "default",
      "provider": "provider[\"registry.terraform.io/yandex-cloud/yandex\"]",
      "instances": [
        {
          "schema_version": 0,
          "attributes": {
            "created_at": "2025-05-13T08:14:25Z",
            "default_security_group_id": "enphts1tp17lqkanuao3",
            "description": "",
            "folder_id": "b1gg91lkltpf5g47086f",
            "id": "enpe2jj0po3cbdu500gd",
            "labels": {},
            "name": "default-network",
            "subnet_ids": [
              "e2l4u4m42cf6tgjo7u7j",
              "e2luivnhsg2ar653nam0"
            ],
            "timeouts": null
          },
          "sensitive_attributes": [],
          "private": "eyJlMmJmYjczMC1lY2FhLTExZTYtOGY4OC0zNDM2M2JjN2M0YzAiOnsiY3JlYXRlIjo2MDAwMDAwMDAwMCwiZGVsZXRlIjo2MDAwMDAwMDAwMCwidXBkYXRlIjo2MDAwMDAwMDAwMH19"
        }
      ]
    },
    {
      "mode": "managed",
      "type": "yandex_vpc_security_group",
      "name": "external_sg",
      "provider": "provider[\"registry.terraform.io/yandex-cloud/yandex\"]",
      "instances": [
        {
          "schema_version": 0,
          "attributes": {
            "created_at": "2025-05-13T08:14:30Z",
            "description": "",
            "egress": [],
            "folder_id": "b1gg91lkltpf5g47086f",
            "id": "enpmf1kk0evv3ipjbnkt",
            "ingress": [
              {
                "description": "SSH access",
                "from_port": -1,
                "id": "enpor3frud1n59oegh9g",
                "labels": {},
                "port": 22,
                "predefined_target": "",
                "protocol": "TCP",
                "security_group_id": "",
                "to_port": -1,
                "v4_cidr_blocks": [
                  "0.0.0.0/0"
                ],
                "v6_cidr_blocks": []
              }
            ],
            "labels": {},
            "name": "secure-bastion-sg",
            "network_id": "enpe2jj0po3cbdu500gd",
            "status": "ACTIVE",
            "timeouts": null
          },
          "sensitive_attributes": [],
          "private": "eyJlMmJmYjczMC1lY2FhLTExZTYtOGY4OC0zNDM2M2JjN2M0YzAiOnsiY3JlYXRlIjoxODAwMDAwMDAwMDAsImRlbGV0ZSI6MTgwMDAwMDAwMDAwLCJ1cGRhdGUiOjE4MDAwMDAwMDAwMH19",
          "dependencies": [
            "yandex_vpc_network.default"
          ]
        }
      ]
    },
    {
      "mode": "managed",
      "type": "yandex_vpc_security_group",
      "name": "internal_sg",
      "provider": "provider[\"registry.terraform.io/yandex-cloud/yandex\"]",
      "instances": [
        {
          "schema_version": 0,
          "attributes": {
            "created_at": "2025-05-13T08:14:32Z",
            "description": "",
            "egress": [],
            "folder_id": "b1gg91lkltpf5g47086f",
            "id": "enpo1as5jb31m4os8r4u",
            "ingress": [
              {
                "description": "SSH from internal network",
                "from_port": -1,
                "id": "enpdaravvkg53q5bt1v0",
                "labels": {},
                "port": 22,
                "predefined_target": "",
                "protocol": "TCP",
                "security_group_id": "",
                "to_port": -1,
                "v4_cidr_blocks": [
                  "172.16.1.0/24"
                ],
                "v6_cidr_blocks": []
              }
            ],
            "labels": {},
            "name": "internal-bastion-sg",
            "network_id": "enpe2jj0po3cbdu500gd",
            "status": "ACTIVE",
            "timeouts": null
          },
          "sensitive_attributes": [],
          "private": "eyJlMmJmYjczMC1lY2FhLTExZTYtOGY4OC0zNDM2M2JjN2M0YzAiOnsiY3JlYXRlIjoxODAwMDAwMDAwMDAsImRlbGV0ZSI6MTgwMDAwMDAwMDAwLCJ1cGRhdGUiOjE4MDAwMDAwMDAwMH19",
          "dependencies": [
            "yandex_vpc_network.default"
          ]
        }
      ]
    },
    {
      "mode": "managed",
      "type": "yandex_vpc_security_group",
      "name": "work_vm_sg",
      "provider": "provider[\"registry.terraform.io/yandex-cloud/yandex\"]",
      "instances": [
        {
          "schema_version": 0,
          "attributes": {
            "created_at": "2025-05-13T08:14:28Z",
            "description": "",
            "egress": [
              {
                "description": "Outbound traffic",
                "from_port": 0,
                "id": "enp0k9a13670qmjfg54e",
                "labels": {},
                "port": -1,
                "predefined_target": "",
                "protocol": "ANY",
                "security_group_id": "",
                "to_port": 65535,
                "v4_cidr_blocks": [
                  "0.0.0.0/0"
                ],
                "v6_cidr_blocks": []
              }
            ],
            "folder_id": "b1gg91lkltpf5g47086f",
            "id": "enp4vqona52uoq97d73u",
            "ingress": [
              {
                "description": "SSH from internal network",
                "from_port": -1,
                "id": "enprn5ml1aqvafe46vgn",
                "labels": {},
                "port": 22,
                "predefined_target": "",
                "protocol": "TCP",
                "security_group_id": "",
                "to_port": -1,
                "v4_cidr_blocks": [
                  "172.16.1.0/24"
                ],
                "v6_cidr_blocks": []
              }
            ],
            "labels": {},
            "name": "work-vm-sg",
            "network_id": "enpe2jj0po3cbdu500gd",
            "status": "ACTIVE",
            "timeouts": null
          },
          "sensitive_attributes": [],
          "private": "eyJlMmJmYjczMC1lY2FhLTExZTYtOGY4OC0zNDM2M2JjN2M0YzAiOnsiY3JlYXRlIjoxODAwMDAwMDAwMDAsImRlbGV0ZSI6MTgwMDAwMDAwMDAwLCJ1cGRhdGUiOjE4MDAwMDAwMDAwMH19",
          "dependencies": [
            "yandex_vpc_network.default"
          ]
        }
      ]
    },
    {
      "mode": "managed",
      "type": "yandex_vpc_subnet",
      "name": "external_subnet",
      "provider": "provider[\"registry.terraform.io/yandex-cloud/yandex\"]",
      "instances": [
        {
          "schema_version": 0,
          "attributes": {
            "created_at": "2025-05-13T08:14:27Z",
            "description": "",
            "dhcp_options": [],
            "folder_id": "b1gg91lkltpf5g47086f",
            "id": "e2luivnhsg2ar653nam0",
            "labels": {},
            "name": "bastion-external-segment",
            "network_id": "enpe2jj0po3cbdu500gd",
            "route_table_id": "",
            "timeouts": null,
            "v4_cidr_blocks": [
              "172.16.0.0/24"
            ],
            "v6_cidr_blocks": [],
            "zone": "ru-central1-b"
          },
          "sensitive_attributes": [],
          "private": "eyJlMmJmYjczMC1lY2FhLTExZTYtOGY4OC0zNDM2M2JjN2M0YzAiOnsiY3JlYXRlIjoxODAwMDAwMDAwMDAsImRlbGV0ZSI6MTgwMDAwMDAwMDAwLCJ1cGRhdGUiOjE4MDAwMDAwMDAwMH19",
          "dependencies": [
            "yandex_vpc_network.default"
          ]
        }
      ]
    },
    {
      "mode": "managed",
      "type": "yandex_vpc_subnet",
      "name": "internal_subnet",
      "provider": "provider[\"registry.terraform.io/yandex-cloud/yandex\"]",
      "instances": [
        {
          "schema_version": 0,
          "attributes": {
            "created_at": "2025-05-13T08:14:27Z",
            "description": "",
            "dhcp_options": [],
            "folder_id": "b1gg91lkltpf5g47086f",
            "id": "e2l4u4m42cf6tgjo7u7j",
            "labels": {},
            "name": "bastion-internal-segment",
            "network_id": "enpe2jj0po3cbdu500gd",
            "route_table_id": "",
            "timeouts": null,
            "v4_cidr_blocks": [
              "172.16.1.0/24"
            ],
            "v6_cidr_blocks": [],
            "zone": "ru-central1-b"
          },
          "sensitive_attributes": [],
          "private": "eyJlMmJmYjczMC1lY2FhLTExZTYtOGY4OC0zNDM2M2JjN2M0YzAiOnsiY3JlYXRlIjoxODAwMDAwMDAwMDAsImRlbGV0ZSI6MTgwMDAwMDAwMDAwLCJ1cGRhdGUiOjE4MDAwMDAwMDAwMH19",
          "dependencies": [
            "yandex_vpc_network.default"
          ]
        }
      ]
    }
  ],
  "check_results": null
}
